
Microsoft Visual Studio Solution File, Format Version 12.00
# Visual Studio 15
VisualStudioVersion = 15.0.28307.421
MinimumVisualStudioVersion = 10.0.40219.1
Project("{8BC9CEB8-8B4A-11D0-8D11-00A0C91BC942}") = "Dinamik Massiv", "Dinamik Massiv\Dinamik Massiv.vcxproj", "{A2CDBFA8-D70F-45E7-B35A-16819D9850DD}"
EndProject
Global
	GlobalSection(SolutionConfigurationPlatforms) = preSolution
		Debug|x64 = Debug|x64
		Debug|x86 = Debug|x86
		Release|x64 = Release|x64
		Release|x86 = Release|x86
	EndGlobalSection
	GlobalSection(ProjectConfigurationPlatforms) = postSolution
		{A2CDBFA8-D70F-45E7-B35A-16819D9850DD}.Debug|x64.ActiveCfg = Debug|x64
		{A2CDBFA8-D70F-45E7-B35A-16819D9850DD}.Debug|x64.Build.0 = Debug|x64
		{A2CDBFA8-D70F-45E7-B35A-16819D9850DD}.Debug|x86.ActiveCfg = Debug|Win32
		{A2CDBFA8-D70F-45E7-B35A-16819D9850DD}.Debug|x86.Build.0 = Debug|Win32
		{A2CDBFA8-D70F-45E7-B35A-16819D9850DD}.Release|x64.ActiveCfg = Release|x64
		{A2CDBFA8-D70F-45E7-B35A-16819D9850DD}.Release|x64.Build.0 = Release|x64
		{A2CDBFA8-D70F-45E7-B35A-16819D9850DD}.Release|x86.ActiveCfg = Release|Win32
		{A2CDBFA8-D70F-45E7-B35A-16819D9850DD}.Release|x86.Build.0 = Release|Win32
	EndGlobalSection
	GlobalSection(SolutionProperties) = preSolution
		HideSolutionNode = FALSE
	EndGlobalSection
	GlobalSection(ExtensibilityGlobals) = postSolution
		SolutionGuid = {0F7EFF8E-BC68-42A7-95E0-CA9103CA98B2}
	EndGlobalSection
EndGlobal
